
Microsoft Visual Studio Solution File, Format Version 12.00
Project("{FAE04EC0-301F-11D3-BF4B-00C04F79EFBC}") = "Gallery7", "Gallery7\Gallery7.csproj", "{88FCFF1E-9958-42FB-A951-CA287241AF67}"
EndProject
Global
	GlobalSection(SolutionConfigurationPlatforms) = preSolution
		Debug|Any CPU = Debug|Any CPU
		Release|Any CPU = Release|Any CPU
	EndGlobalSection
	GlobalSection(ProjectConfigurationPlatforms) = postSolution
		{88FCFF1E-9958-42FB-A951-CA287241AF67}.Debug|Any CPU.ActiveCfg = Debug|Any CPU
		{88FCFF1E-9958-42FB-A951-CA287241AF67}.Debug|Any CPU.Build.0 = Debug|Any CPU
		{88FCFF1E-9958-42FB-A951-CA287241AF67}.Release|Any CPU.ActiveCfg = Release|Any CPU
		{88FCFF1E-9958-42FB-A951-CA287241AF67}.Release|Any CPU.Build.0 = Release|Any CPU
	EndGlobalSection
EndGlobal
